// !$*UTF8*$!
{
	archiveVersion = 1;
	classes = {
	};
	objectVersion = 56;
	objects = {

/* Begin PBXBuildFile section */
		A01B8AEE29583E9100A509FE /* BestSeller.swift in Sources */ = {isa = PBXBuildFile; fileRef = A01B8AED29583E9100A509FE /* BestSeller.swift */; };
		A01B8AF029583F0700A509FE /* HotSalesView.swift in Sources */ = {isa = PBXBuildFile; fileRef = A01B8AEF29583F0700A509FE /* HotSalesView.swift */; };
		A01B8AF229583F5000A509FE /* ProductTypeView.swift in Sources */ = {isa = PBXBuildFile; fileRef = A01B8AF129583F5000A509FE /* ProductTypeView.swift */; };
		A01B8AF52958401000A509FE /* CellInfo.swift in Sources */ = {isa = PBXBuildFile; fileRef = A01B8AF42958401000A509FE /* CellInfo.swift */; };
		A01B8AF7295840A800A509FE /* ProductCell.swift in Sources */ = {isa = PBXBuildFile; fileRef = A01B8AF6295840A800A509FE /* ProductCell.swift */; };
		A01B8AFA2958416500A509FE /* TotalCell.swift in Sources */ = {isa = PBXBuildFile; fileRef = A01B8AF92958416500A509FE /* TotalCell.swift */; };
		A01DF1672A6160C700A0109C /* Color.swift in Sources */ = {isa = PBXBuildFile; fileRef = A01DF1662A6160C700A0109C /* Color.swift */; };
		A01DF1692A616CE400A0109C /* Image.swift in Sources */ = {isa = PBXBuildFile; fileRef = A01DF1682A616CE400A0109C /* Image.swift */; };
		A01DF16C2A61738800A0109C /* LaunchView.storyboard in Resources */ = {isa = PBXBuildFile; fileRef = A01DF16B2A61738800A0109C /* LaunchView.storyboard */; };
		A01F062429532546000D46AC /* DetailView.swift in Sources */ = {isa = PBXBuildFile; fileRef = A01F062329532546000D46AC /* DetailView.swift */; };
		A02CB3FD2A6406F900359FF2 /* NetworkingManager.swift in Sources */ = {isa = PBXBuildFile; fileRef = A02CB3FC2A6406F900359FF2 /* NetworkingManager.swift */; };
		A02CB3FF2A642D7000359FF2 /* UserModel.swift in Sources */ = {isa = PBXBuildFile; fileRef = A02CB3FE2A642D7000359FF2 /* UserModel.swift */; };
		A052EA51295070B9007CDFCC /* MyCartView.swift in Sources */ = {isa = PBXBuildFile; fileRef = A052EA50295070B9007CDFCC /* MyCartView.swift */; };
		A052EA53295071EE007CDFCC /* MyCartModel.swift in Sources */ = {isa = PBXBuildFile; fileRef = A052EA52295071EE007CDFCC /* MyCartModel.swift */; };
		A052EA552950726C007CDFCC /* MyCartViewModel.swift in Sources */ = {isa = PBXBuildFile; fileRef = A052EA542950726C007CDFCC /* MyCartViewModel.swift */; };
		A06442B4294B1B8000599EDF /* AsyncImage.swift in Sources */ = {isa = PBXBuildFile; fileRef = A06442B3294B1B8000599EDF /* AsyncImage.swift */; };
		A06442BA294C3F6E00599EDF /* ProductDetailsView.swift in Sources */ = {isa = PBXBuildFile; fileRef = A06442B9294C3F6E00599EDF /* ProductDetailsView.swift */; };
		A06C67A3294628C9007A9BF1 /* HomeModel.swift in Sources */ = {isa = PBXBuildFile; fileRef = A06C67A2294628C9007A9BF1 /* HomeModel.swift */; };
		A06CD9FC2940B2550038DDCE /* HiringTestAppMarkentApp.swift in Sources */ = {isa = PBXBuildFile; fileRef = A06CD9FB2940B2550038DDCE /* HiringTestAppMarkentApp.swift */; };
		A06CD9FE2940B2550038DDCE /* HomeView.swift in Sources */ = {isa = PBXBuildFile; fileRef = A06CD9FD2940B2550038DDCE /* HomeView.swift */; };
		A06CDA002940B2570038DDCE /* Assets.xcassets in Resources */ = {isa = PBXBuildFile; fileRef = A06CD9FF2940B2570038DDCE /* Assets.xcassets */; };
		A06CDA032940B2570038DDCE /* Preview Assets.xcassets in Resources */ = {isa = PBXBuildFile; fileRef = A06CDA022940B2570038DDCE /* Preview Assets.xcassets */; };
		A06E7A94294D93DB00FAE728 /* ProductViewModel.swift in Sources */ = {isa = PBXBuildFile; fileRef = A06E7A93294D93DB00FAE728 /* ProductViewModel.swift */; };
		A06E7A96294D94AC00FAE728 /* ProductModel.swift in Sources */ = {isa = PBXBuildFile; fileRef = A06E7A95294D94AC00FAE728 /* ProductModel.swift */; };
		A0D45B8F2948BBC4004C20D4 /* HomeViewModel.swift in Sources */ = {isa = PBXBuildFile; fileRef = A0D45B8E2948BBC4004C20D4 /* HomeViewModel.swift */; };
		A0D45B912948C4ED004C20D4 /* ImageLoader.swift in Sources */ = {isa = PBXBuildFile; fileRef = A0D45B902948C4ED004C20D4 /* ImageLoader.swift */; };
		A0D45B982948D166004C20D4 /* MarkPro-Regular.ttf in Resources */ = {isa = PBXBuildFile; fileRef = A0D45B932948D165004C20D4 /* MarkPro-Regular.ttf */; };
		A0D45B992948D166004C20D4 /* MarkPro-Medium.ttf in Resources */ = {isa = PBXBuildFile; fileRef = A0D45B942948D165004C20D4 /* MarkPro-Medium.ttf */; };
		A0D45B9A2948D166004C20D4 /* Mark-Pro-Bold.ttf in Resources */ = {isa = PBXBuildFile; fileRef = A0D45B952948D166004C20D4 /* Mark-Pro-Bold.ttf */; };
		A0D45B9B2948D166004C20D4 /* Fonts.swift in Sources */ = {isa = PBXBuildFile; fileRef = A0D45B962948D166004C20D4 /* Fonts.swift */; };
		A0D45B9C2948D166004C20D4 /* Colors.swift in Sources */ = {isa = PBXBuildFile; fileRef = A0D45B972948D166004C20D4 /* Colors.swift */; };
		A0E65A4A2A6512D2009D58F2 /* Products.swift in Sources */ = {isa = PBXBuildFile; fileRef = A0E65A492A6512D2009D58F2 /* Products.swift */; };
		A0F459CD295B15A800EAFCA6 /* ColorPickerView.swift in Sources */ = {isa = PBXBuildFile; fileRef = A0F459CC295B15A800EAFCA6 /* ColorPickerView.swift */; };
		A0F459CF295B1CD700EAFCA6 /* CapacityPickerView.swift in Sources */ = {isa = PBXBuildFile; fileRef = A0F459CE295B1CD700EAFCA6 /* CapacityPickerView.swift */; };
		A0F459D1295B542900EAFCA6 /* StarRating.swift in Sources */ = {isa = PBXBuildFile; fileRef = A0F459D0295B542900EAFCA6 /* StarRating.swift */; };
/* End PBXBuildFile section */

/* Begin PBXFileReference section */
		A01B8AED29583E9100A509FE /* BestSeller.swift */ = {isa = PBXFileReference; lastKnownFileType = sourcecode.swift; path = BestSeller.swift; sourceTree = "<group>"; };
		A01B8AEF29583F0700A509FE /* HotSalesView.swift */ = {isa = PBXFileReference; lastKnownFileType = sourcecode.swift; path = HotSalesView.swift; sourceTree = "<group>"; };
		A01B8AF129583F5000A509FE /* ProductTypeView.swift */ = {isa = PBXFileReference; lastKnownFileType = sourcecode.swift; path = ProductTypeView.swift; sourceTree = "<group>"; };
		A01B8AF42958401000A509FE /* CellInfo.swift */ = {isa = PBXFileReference; lastKnownFileType = sourcecode.swift; path = CellInfo.swift; sourceTree = "<group>"; };
		A01B8AF6295840A800A509FE /* ProductCell.swift */ = {isa = PBXFileReference; lastKnownFileType = sourcecode.swift; path = ProductCell.swift; sourceTree = "<group>"; };
		A01B8AF92958416500A509FE /* TotalCell.swift */ = {isa = PBXFileReference; lastKnownFileType = sourcecode.swift; path = TotalCell.swift; sourceTree = "<group>"; };
		A01DF1662A6160C700A0109C /* Color.swift */ = {isa = PBXFileReference; lastKnownFileType = sourcecode.swift; path = Color.swift; sourceTree = "<group>"; };
		A01DF1682A616CE400A0109C /* Image.swift */ = {isa = PBXFileReference; lastKnownFileType = sourcecode.swift; path = Image.swift; sourceTree = "<group>"; };
		A01DF16B2A61738800A0109C /* LaunchView.storyboard */ = {isa = PBXFileReference; lastKnownFileType = file.storyboard; path = LaunchView.storyboard; sourceTree = "<group>"; };
		A01F062329532546000D46AC /* DetailView.swift */ = {isa = PBXFileReference; lastKnownFileType = sourcecode.swift; path = DetailView.swift; sourceTree = "<group>"; };
		A02CB3FC2A6406F900359FF2 /* NetworkingManager.swift */ = {isa = PBXFileReference; lastKnownFileType = sourcecode.swift; path = NetworkingManager.swift; sourceTree = "<group>"; };
		A02CB3FE2A642D7000359FF2 /* UserModel.swift */ = {isa = PBXFileReference; lastKnownFileType = sourcecode.swift; path = UserModel.swift; sourceTree = "<group>"; };
		A052EA50295070B9007CDFCC /* MyCartView.swift */ = {isa = PBXFileReference; lastKnownFileType = sourcecode.swift; path = MyCartView.swift; sourceTree = "<group>"; };
		A052EA52295071EE007CDFCC /* MyCartModel.swift */ = {isa = PBXFileReference; lastKnownFileType = sourcecode.swift; path = MyCartModel.swift; sourceTree = "<group>"; };
		A052EA542950726C007CDFCC /* MyCartViewModel.swift */ = {isa = PBXFileReference; lastKnownFileType = sourcecode.swift; path = MyCartViewModel.swift; sourceTree = "<group>"; };
		A06442B3294B1B8000599EDF /* AsyncImage.swift */ = {isa = PBXFileReference; lastKnownFileType = sourcecode.swift; path = AsyncImage.swift; sourceTree = "<group>"; };
		A06442B9294C3F6E00599EDF /* ProductDetailsView.swift */ = {isa = PBXFileReference; lastKnownFileType = sourcecode.swift; path = ProductDetailsView.swift; sourceTree = "<group>"; };
		A06C67A2294628C9007A9BF1 /* HomeModel.swift */ = {isa = PBXFileReference; lastKnownFileType = sourcecode.swift; path = HomeModel.swift; sourceTree = "<group>"; };
		A06CD9F82940B2550038DDCE /* HiringTestAppMarkent.app */ = {isa = PBXFileReference; explicitFileType = wrapper.application; includeInIndex = 0; path = HiringTestAppMarkent.app; sourceTree = BUILT_PRODUCTS_DIR; };
		A06CD9FB2940B2550038DDCE /* HiringTestAppMarkentApp.swift */ = {isa = PBXFileReference; lastKnownFileType = sourcecode.swift; path = HiringTestAppMarkentApp.swift; sourceTree = "<group>"; };
		A06CD9FD2940B2550038DDCE /* HomeView.swift */ = {isa = PBXFileReference; lastKnownFileType = sourcecode.swift; path = HomeView.swift; sourceTree = "<group>"; };
		A06CD9FF2940B2570038DDCE /* Assets.xcassets */ = {isa = PBXFileReference; lastKnownFileType = folder.assetcatalog; path = Assets.xcassets; sourceTree = "<group>"; };
		A06CDA022940B2570038DDCE /* Preview Assets.xcassets */ = {isa = PBXFileReference; lastKnownFileType = folder.assetcatalog; path = "Preview Assets.xcassets"; sourceTree = "<group>"; };
		A06E7A93294D93DB00FAE728 /* ProductViewModel.swift */ = {isa = PBXFileReference; lastKnownFileType = sourcecode.swift; path = ProductViewModel.swift; sourceTree = "<group>"; };
		A06E7A95294D94AC00FAE728 /* ProductModel.swift */ = {isa = PBXFileReference; lastKnownFileType = sourcecode.swift; path = ProductModel.swift; sourceTree = "<group>"; };
		A09CD1EE294486BD0007193A /* Info.plist */ = {isa = PBXFileReference; lastKnownFileType = text.plist.xml; path = Info.plist; sourceTree = "<group>"; };
		A0D45B8E2948BBC4004C20D4 /* HomeViewModel.swift */ = {isa = PBXFileReference; lastKnownFileType = sourcecode.swift; path = HomeViewModel.swift; sourceTree = "<group>"; };
		A0D45B902948C4ED004C20D4 /* ImageLoader.swift */ = {isa = PBXFileReference; lastKnownFileType = sourcecode.swift; path = ImageLoader.swift; sourceTree = "<group>"; };
		A0D45B932948D165004C20D4 /* MarkPro-Regular.ttf */ = {isa = PBXFileReference; lastKnownFileType = file; path = "MarkPro-Regular.ttf"; sourceTree = "<group>"; };
		A0D45B942948D165004C20D4 /* MarkPro-Medium.ttf */ = {isa = PBXFileReference; lastKnownFileType = file; path = "MarkPro-Medium.ttf"; sourceTree = "<group>"; };
		A0D45B952948D166004C20D4 /* Mark-Pro-Bold.ttf */ = {isa = PBXFileReference; lastKnownFileType = file; path = "Mark-Pro-Bold.ttf"; sourceTree = "<group>"; };
		A0D45B962948D166004C20D4 /* Fonts.swift */ = {isa = PBXFileReference; fileEncoding = 4; lastKnownFileType = sourcecode.swift; path = Fonts.swift; sourceTree = "<group>"; };
		A0D45B972948D166004C20D4 /* Colors.swift */ = {isa = PBXFileReference; fileEncoding = 4; lastKnownFileType = sourcecode.swift; path = Colors.swift; sourceTree = "<group>"; };
		A0E65A492A6512D2009D58F2 /* Products.swift */ = {isa = PBXFileReference; lastKnownFileType = sourcecode.swift; path = Products.swift; sourceTree = "<group>"; };
		A0F459CC295B15A800EAFCA6 /* ColorPickerView.swift */ = {isa = PBXFileReference; lastKnownFileType = sourcecode.swift; path = ColorPickerView.swift; sourceTree = "<group>"; };
		A0F459CE295B1CD700EAFCA6 /* CapacityPickerView.swift */ = {isa = PBXFileReference; lastKnownFileType = sourcecode.swift; path = CapacityPickerView.swift; sourceTree = "<group>"; };
		A0F459D0295B542900EAFCA6 /* StarRating.swift */ = {isa = PBXFileReference; lastKnownFileType = sourcecode.swift; path = StarRating.swift; sourceTree = "<group>"; };
/* End PBXFileReference section */

/* Begin PBXFrameworksBuildPhase section */
		A06CD9F52940B2550038DDCE /* Frameworks */ = {
			isa = PBXFrameworksBuildPhase;
			buildActionMask = 2147483647;
			files = (
			);
			runOnlyForDeploymentPostprocessing = 0;
		};
/* End PBXFrameworksBuildPhase section */

/* Begin PBXGroup section */
		A01B8AF329583FC100A509FE /* ProductDetailsView */ = {
			isa = PBXGroup;
			children = (
				A06442B9294C3F6E00599EDF /* ProductDetailsView.swift */,
				A01B8AF42958401000A509FE /* CellInfo.swift */,
				A0F459CC295B15A800EAFCA6 /* ColorPickerView.swift */,
				A0F459CE295B1CD700EAFCA6 /* CapacityPickerView.swift */,
				A0F459D0295B542900EAFCA6 /* StarRating.swift */,
			);
			path = ProductDetailsView;
			sourceTree = "<group>";
		};
		A01B8AF8295840D100A509FE /* MyCartView */ = {
			isa = PBXGroup;
			children = (
				A052EA50295070B9007CDFCC /* MyCartView.swift */,
				A01B8AF6295840A800A509FE /* ProductCell.swift */,
				A01B8AF92958416500A509FE /* TotalCell.swift */,
			);
			path = MyCartView;
			sourceTree = "<group>";
		};
		A01DF1652A6160BC00A0109C /* Extensions */ = {
			isa = PBXGroup;
			children = (
				A01DF1662A6160C700A0109C /* Color.swift */,
				A01DF1682A616CE400A0109C /* Image.swift */,
			);
			path = Extensions;
			sourceTree = "<group>";
		};
		A01DF16A2A61735600A0109C /* Launch */ = {
			isa = PBXGroup;
			children = (
				A01DF16B2A61738800A0109C /* LaunchView.storyboard */,
			);
			path = Launch;
			sourceTree = "<group>";
		};
		A02CB3FB2A6406EA00359FF2 /* Managers */ = {
			isa = PBXGroup;
			children = (
				A02CB3FC2A6406F900359FF2 /* NetworkingManager.swift */,
			);
			path = Managers;
			sourceTree = "<group>";
		};
		A030B587294A3B9400BF4D73 /* ViewModels */ = {
			isa = PBXGroup;
			children = (
				A0D45B8E2948BBC4004C20D4 /* HomeViewModel.swift */,
				A06E7A93294D93DB00FAE728 /* ProductViewModel.swift */,
				A052EA542950726C007CDFCC /* MyCartViewModel.swift */,
			);
			path = ViewModels;
			sourceTree = "<group>";
		};
		A030B588294A3BD100BF4D73 /* Models */ = {
			isa = PBXGroup;
			children = (
				A06C67A2294628C9007A9BF1 /* HomeModel.swift */,
				A06E7A95294D94AC00FAE728 /* ProductModel.swift */,
				A052EA52295071EE007CDFCC /* MyCartModel.swift */,
				A02CB3FE2A642D7000359FF2 /* UserModel.swift */,
				A0E65A492A6512D2009D58F2 /* Products.swift */,
			);
			path = Models;
			sourceTree = "<group>";
		};
		A06442B7294C3EE700599EDF /* MainView */ = {
			isa = PBXGroup;
			children = (
				A06CD9FD2940B2550038DDCE /* HomeView.swift */,
				A01F062329532546000D46AC /* DetailView.swift */,
				A01B8AED29583E9100A509FE /* BestSeller.swift */,
				A01B8AEF29583F0700A509FE /* HotSalesView.swift */,
				A01B8AF129583F5000A509FE /* ProductTypeView.swift */,
			);
			path = MainView;
			sourceTree = "<group>";
		};
		A064E4A12955B846008A8EA6 /* Assistant */ = {
			isa = PBXGroup;
			children = (
				A0D45B902948C4ED004C20D4 /* ImageLoader.swift */,
				A06442B3294B1B8000599EDF /* AsyncImage.swift */,
			);
			path = Assistant;
			sourceTree = "<group>";
		};
		A06CD9EF2940B2550038DDCE = {
			isa = PBXGroup;
			children = (
				A06CD9FA2940B2550038DDCE /* HiringTestAppMarkent */,
				A06CD9F92940B2550038DDCE /* Products */,
			);
			sourceTree = "<group>";
		};
		A06CD9F92940B2550038DDCE /* Products */ = {
			isa = PBXGroup;
			children = (
				A06CD9F82940B2550038DDCE /* HiringTestAppMarkent.app */,
			);
			name = Products;
			sourceTree = "<group>";
		};
		A06CD9FA2940B2550038DDCE /* HiringTestAppMarkent */ = {
			isa = PBXGroup;
			children = (
				A06CD9FB2940B2550038DDCE /* HiringTestAppMarkentApp.swift */,
				A01DF1652A6160BC00A0109C /* Extensions */,
				A02CB3FB2A6406EA00359FF2 /* Managers */,
				A030B588294A3BD100BF4D73 /* Models */,
				A030B587294A3B9400BF4D73 /* ViewModels */,
				A09DF292294740380002E163 /* Views */,
				A0D45B922948D111004C20D4 /* Fonts&Colors */,
				A064E4A12955B846008A8EA6 /* Assistant */,
				A06CDA012940B2570038DDCE /* Preview Content */,
				A06CD9FF2940B2570038DDCE /* Assets.xcassets */,
				A09CD1EE294486BD0007193A /* Info.plist */,
			);
			path = HiringTestAppMarkent;
			sourceTree = "<group>";
		};
		A06CDA012940B2570038DDCE /* Preview Content */ = {
			isa = PBXGroup;
			children = (
				A06CDA022940B2570038DDCE /* Preview Assets.xcassets */,
			);
			path = "Preview Content";
			sourceTree = "<group>";
		};
		A09DF292294740380002E163 /* Views */ = {
			isa = PBXGroup;
			children = (
				A01DF16A2A61735600A0109C /* Launch */,
				A06442B7294C3EE700599EDF /* MainView */,
				A01B8AF329583FC100A509FE /* ProductDetailsView */,
				A01B8AF8295840D100A509FE /* MyCartView */,
			);
			path = Views;
			sourceTree = "<group>";
		};
		A0D45B922948D111004C20D4 /* Fonts&Colors */ = {
			isa = PBXGroup;
			children = (
				A0D45B972948D166004C20D4 /* Colors.swift */,
				A0D45B962948D166004C20D4 /* Fonts.swift */,
				A0D45B952948D166004C20D4 /* Mark-Pro-Bold.ttf */,
				A0D45B942948D165004C20D4 /* MarkPro-Medium.ttf */,
				A0D45B932948D165004C20D4 /* MarkPro-Regular.ttf */,
			);
			path = "Fonts&Colors";
			sourceTree = "<group>";
		};
/* End PBXGroup section */

/* Begin PBXNativeTarget section */
		A06CD9F72940B2550038DDCE /* HiringTestAppMarkent */ = {
			isa = PBXNativeTarget;
			buildConfigurationList = A06CDA062940B2570038DDCE /* Build configuration list for PBXNativeTarget "HiringTestAppMarkent" */;
			buildPhases = (
				A06CD9F42940B2550038DDCE /* Sources */,
				A06CD9F52940B2550038DDCE /* Frameworks */,
				A06CD9F62940B2550038DDCE /* Resources */,
			);
			buildRules = (
			);
			dependencies = (
			);
			name = HiringTestAppMarkent;
			productName = HiringTestAppMarkent;
			productReference = A06CD9F82940B2550038DDCE /* HiringTestAppMarkent.app */;
			productType = "com.apple.product-type.application";
		};
/* End PBXNativeTarget section */

/* Begin PBXProject section */
		A06CD9F02940B2550038DDCE /* Project object */ = {
			isa = PBXProject;
			attributes = {
				BuildIndependentTargetsInParallel = 1;
				LastSwiftUpdateCheck = 1410;
				LastUpgradeCheck = 1500;
				TargetAttributes = {
					A06CD9F72940B2550038DDCE = {
						CreatedOnToolsVersion = 14.1;
					};
				};
			};
			buildConfigurationList = A06CD9F32940B2550038DDCE /* Build configuration list for PBXProject "HiringTestAppMarkent" */;
			compatibilityVersion = "Xcode 14.0";
			developmentRegion = en;
			hasScannedForEncodings = 0;
			knownRegions = (
				en,
				Base,
			);
			mainGroup = A06CD9EF2940B2550038DDCE;
			productRefGroup = A06CD9F92940B2550038DDCE /* Products */;
			projectDirPath = "";
			projectRoot = "";
			targets = (
				A06CD9F72940B2550038DDCE /* HiringTestAppMarkent */,
			);
		};
/* End PBXProject section */

/* Begin PBXResourcesBuildPhase section */
		A06CD9F62940B2550038DDCE /* Resources */ = {
			isa = PBXResourcesBuildPhase;
			buildActionMask = 2147483647;
			files = (
				A01DF16C2A61738800A0109C /* LaunchView.storyboard in Resources */,
				A0D45B9A2948D166004C20D4 /* Mark-Pro-Bold.ttf in Resources */,
				A0D45B992948D166004C20D4 /* MarkPro-Medium.ttf in Resources */,
				A06CDA032940B2570038DDCE /* Preview Assets.xcassets in Resources */,
				A0D45B982948D166004C20D4 /* MarkPro-Regular.ttf in Resources */,
				A06CDA002940B2570038DDCE /* Assets.xcassets in Resources */,
			);
			runOnlyForDeploymentPostprocessing = 0;
		};
/* End PBXResourcesBuildPhase section */

/* Begin PBXSourcesBuildPhase section */
		A06CD9F42940B2550038DDCE /* Sources */ = {
			isa = PBXSourcesBuildPhase;
			buildActionMask = 2147483647;
			files = (
				A06CD9FE2940B2550038DDCE /* HomeView.swift in Sources */,
				A06442B4294B1B8000599EDF /* AsyncImage.swift in Sources */,
				A052EA51295070B9007CDFCC /* MyCartView.swift in Sources */,
				A0D45B9C2948D166004C20D4 /* Colors.swift in Sources */,
				A0F459D1295B542900EAFCA6 /* StarRating.swift in Sources */,
				A06CD9FC2940B2550038DDCE /* HiringTestAppMarkentApp.swift in Sources */,
				A052EA53295071EE007CDFCC /* MyCartModel.swift in Sources */,
				A0D45B8F2948BBC4004C20D4 /* HomeViewModel.swift in Sources */,
				A0D45B9B2948D166004C20D4 /* Fonts.swift in Sources */,
				A06E7A94294D93DB00FAE728 /* ProductViewModel.swift in Sources */,
				A01F062429532546000D46AC /* DetailView.swift in Sources */,
				A01B8AEE29583E9100A509FE /* BestSeller.swift in Sources */,
				A0D45B912948C4ED004C20D4 /* ImageLoader.swift in Sources */,
				A01B8AF7295840A800A509FE /* ProductCell.swift in Sources */,
				A0F459CD295B15A800EAFCA6 /* ColorPickerView.swift in Sources */,
				A06E7A96294D94AC00FAE728 /* ProductModel.swift in Sources */,
				A01B8AF52958401000A509FE /* CellInfo.swift in Sources */,
				A01B8AFA2958416500A509FE /* TotalCell.swift in Sources */,
				A01DF1672A6160C700A0109C /* Color.swift in Sources */,
				A0E65A4A2A6512D2009D58F2 /* Products.swift in Sources */,
				A01B8AF229583F5000A509FE /* ProductTypeView.swift in Sources */,
				A0F459CF295B1CD700EAFCA6 /* CapacityPickerView.swift in Sources */,
				A052EA552950726C007CDFCC /* MyCartViewModel.swift in Sources */,
				A02CB3FF2A642D7000359FF2 /* UserModel.swift in Sources */,
				A01DF1692A616CE400A0109C /* Image.swift in Sources */,
				A06C67A3294628C9007A9BF1 /* HomeModel.swift in Sources */,
				A02CB3FD2A6406F900359FF2 /* NetworkingManager.swift in Sources */,
				A06442BA294C3F6E00599EDF /* ProductDetailsView.swift in Sources */,
				A01B8AF029583F0700A509FE /* HotSalesView.swift in Sources */,
			);
			runOnlyForDeploymentPostprocessing = 0;
		};
/* End PBXSourcesBuildPhase section */

/* Begin XCBuildConfiguration section */
		A06CDA042940B2570038DDCE /* Debug */ = {
			isa = XCBuildConfiguration;
			buildSettings = {
				ALWAYS_SEARCH_USER_PATHS = NO;
				CLANG_ANALYZER_NONNULL = YES;
				CLANG_ANALYZER_NUMBER_OBJECT_CONVERSION = YES_AGGRESSIVE;
				CLANG_CXX_LANGUAGE_STANDARD = "gnu++20";
				CLANG_ENABLE_MODULES = YES;
				CLANG_ENABLE_OBJC_ARC = YES;
				CLANG_ENABLE_OBJC_WEAK = YES;
				CLANG_WARN_BLOCK_CAPTURE_AUTORELEASING = YES;
				CLANG_WARN_BOOL_CONVERSION = YES;
				CLANG_WARN_COMMA = YES;
				CLANG_WARN_CONSTANT_CONVERSION = YES;
				CLANG_WARN_DEPRECATED_OBJC_IMPLEMENTATIONS = YES;
				CLANG_WARN_DIRECT_OBJC_ISA_USAGE = YES_ERROR;
				CLANG_WARN_DOCUMENTATION_COMMENTS = YES;
				CLANG_WARN_EMPTY_BODY = YES;
				CLANG_WARN_ENUM_CONVERSION = YES;
				CLANG_WARN_INFINITE_RECURSION = YES;
				CLANG_WARN_INT_CONVERSION = YES;
				CLANG_WARN_NON_LITERAL_NULL_CONVERSION = YES;
				CLANG_WARN_OBJC_IMPLICIT_RETAIN_SELF = YES;
				CLANG_WARN_OBJC_LITERAL_CONVERSION = YES;
				CLANG_WARN_OBJC_ROOT_CLASS = YES_ERROR;
				CLANG_WARN_QUOTED_INCLUDE_IN_FRAMEWORK_HEADER = YES;
				CLANG_WARN_RANGE_LOOP_ANALYSIS = YES;
				CLANG_WARN_STRICT_PROTOTYPES = YES;
				CLANG_WARN_SUSPICIOUS_MOVE = YES;
				CLANG_WARN_UNGUARDED_AVAILABILITY = YES_AGGRESSIVE;
				CLANG_WARN_UNREACHABLE_CODE = YES;
				CLANG_WARN__DUPLICATE_METHOD_MATCH = YES;
				COPY_PHASE_STRIP = NO;
				DEBUG_INFORMATION_FORMAT = dwarf;
				ENABLE_STRICT_OBJC_MSGSEND = YES;
				ENABLE_TESTABILITY = YES;
				ENABLE_USER_SCRIPT_SANDBOXING = YES;
				GCC_C_LANGUAGE_STANDARD = gnu11;
				GCC_DYNAMIC_NO_PIC = NO;
				GCC_NO_COMMON_BLOCKS = YES;
				GCC_OPTIMIZATION_LEVEL = 0;
				GCC_PREPROCESSOR_DEFINITIONS = (
					"DEBUG=1",
					"$(inherited)",
				);
				GCC_WARN_64_TO_32_BIT_CONVERSION = YES;
				GCC_WARN_ABOUT_RETURN_TYPE = YES_ERROR;
				GCC_WARN_UNDECLARED_SELECTOR = YES;
				GCC_WARN_UNINITIALIZED_AUTOS = YES_AGGRESSIVE;
				GCC_WARN_UNUSED_FUNCTION = YES;
				GCC_WARN_UNUSED_VARIABLE = YES;
				IPHONEOS_DEPLOYMENT_TARGET = 16.1;
				MTL_ENABLE_DEBUG_INFO = INCLUDE_SOURCE;
				MTL_FAST_MATH = YES;
				ONLY_ACTIVE_ARCH = YES;
				SDKROOT = iphoneos;
				SWIFT_ACTIVE_COMPILATION_CONDITIONS = DEBUG;
				SWIFT_OPTIMIZATION_LEVEL = "-Onone";
			};
			name = Debug;
		};
		A06CDA052940B2570038DDCE /* Release */ = {
			isa = XCBuildConfiguration;
			buildSettings = {
				ALWAYS_SEARCH_USER_PATHS = NO;
				CLANG_ANALYZER_NONNULL = YES;
				CLANG_ANALYZER_NUMBER_OBJECT_CONVERSION = YES_AGGRESSIVE;
				CLANG_CXX_LANGUAGE_STANDARD = "gnu++20";
				CLANG_ENABLE_MODULES = YES;
				CLANG_ENABLE_OBJC_ARC = YES;
				CLANG_ENABLE_OBJC_WEAK = YES;
				CLANG_WARN_BLOCK_CAPTURE_AUTORELEASING = YES;
				CLANG_WARN_BOOL_CONVERSION = YES;
				CLANG_WARN_COMMA = YES;
				CLANG_WARN_CONSTANT_CONVERSION = YES;
				CLANG_WARN_DEPRECATED_OBJC_IMPLEMENTATIONS = YES;
				CLANG_WARN_DIRECT_OBJC_ISA_USAGE = YES_ERROR;
				CLANG_WARN_DOCUMENTATION_COMMENTS = YES;
				CLANG_WARN_EMPTY_BODY = YES;
				CLANG_WARN_ENUM_CONVERSION = YES;
				CLANG_WARN_INFINITE_RECURSION = YES;
				CLANG_WARN_INT_CONVERSION = YES;
				CLANG_WARN_NON_LITERAL_NULL_CONVERSION = YES;
				CLANG_WARN_OBJC_IMPLICIT_RETAIN_SELF = YES;
				CLANG_WARN_OBJC_LITERAL_CONVERSION = YES;
				CLANG_WARN_OBJC_ROOT_CLASS = YES_ERROR;
				CLANG_WARN_QUOTED_INCLUDE_IN_FRAMEWORK_HEADER = YES;
				CLANG_WARN_RANGE_LOOP_ANALYSIS = YES;
				CLANG_WARN_STRICT_PROTOTYPES = YES;
				CLANG_WARN_SUSPICIOUS_MOVE = YES;
				CLANG_WARN_UNGUARDED_AVAILABILITY = YES_AGGRESSIVE;
				CLANG_WARN_UNREACHABLE_CODE = YES;
				CLANG_WARN__DUPLICATE_METHOD_MATCH = YES;
				COPY_PHASE_STRIP = NO;
				DEBUG_INFORMATION_FORMAT = "dwarf-with-dsym";
				ENABLE_NS_ASSERTIONS = NO;
				ENABLE_STRICT_OBJC_MSGSEND = YES;
				ENABLE_USER_SCRIPT_SANDBOXING = YES;
				GCC_C_LANGUAGE_STANDARD = gnu11;
				GCC_NO_COMMON_BLOCKS = YES;
				GCC_WARN_64_TO_32_BIT_CONVERSION = YES;
				GCC_WARN_ABOUT_RETURN_TYPE = YES_ERROR;
				GCC_WARN_UNDECLARED_SELECTOR = YES;
				GCC_WARN_UNINITIALIZED_AUTOS = YES_AGGRESSIVE;
				GCC_WARN_UNUSED_FUNCTION = YES;
				GCC_WARN_UNUSED_VARIABLE = YES;
				IPHONEOS_DEPLOYMENT_TARGET = 16.1;
				MTL_ENABLE_DEBUG_INFO = NO;
				MTL_FAST_MATH = YES;
				SDKROOT = iphoneos;
				SWIFT_COMPILATION_MODE = wholemodule;
				SWIFT_OPTIMIZATION_LEVEL = "-O";
				VALIDATE_PRODUCT = YES;
			};
			name = Release;
		};
		A06CDA072940B2570038DDCE /* Debug */ = {
			isa = XCBuildConfiguration;
			buildSettings = {
				ASSETCATALOG_COMPILER_APPICON_NAME = AppIcon;
				ASSETCATALOG_COMPILER_GLOBAL_ACCENT_COLOR_NAME = AccentColor;
				CODE_SIGN_STYLE = Automatic;
				CURRENT_PROJECT_VERSION = 1;
				DEVELOPMENT_ASSET_PATHS = "\"HiringTestAppMarkent/Preview Content\"";
				DEVELOPMENT_TEAM = VB8C9ZVKXH;
				ENABLE_PREVIEWS = YES;
				GENERATE_INFOPLIST_FILE = YES;
				INFOPLIST_FILE = HiringTestAppMarkent/Info.plist;
				INFOPLIST_KEY_CFBundleDisplayName = "";
				INFOPLIST_KEY_LSApplicationCategoryType = "";
				INFOPLIST_KEY_UIApplicationSceneManifest_Generation = YES;
				INFOPLIST_KEY_UIApplicationSupportsIndirectInputEvents = YES;
				INFOPLIST_KEY_UILaunchScreen_Generation = YES;
				INFOPLIST_KEY_UILaunchStoryboardName = LaunchView.storyboard;
				INFOPLIST_KEY_UISupportedInterfaceOrientations_iPad = "UIInterfaceOrientationPortrait UIInterfaceOrientationPortraitUpsideDown UIInterfaceOrientationLandscapeLeft UIInterfaceOrientationLandscapeRight";
				INFOPLIST_KEY_UISupportedInterfaceOrientations_iPhone = "UIInterfaceOrientationPortrait UIInterfaceOrientationLandscapeLeft UIInterfaceOrientationLandscapeRight";
				LD_RUNPATH_SEARCH_PATHS = (
					"$(inherited)",
					"@executable_path/Frameworks",
				);
				MARKETING_VERSION = 1.0;
				PRODUCT_BUNDLE_IDENTIFIER = sihtmark.HiringTestAppMarkent;
				PRODUCT_NAME = "$(TARGET_NAME)";
				SWIFT_EMIT_LOC_STRINGS = YES;
				SWIFT_VERSION = 5.0;
				TARGETED_DEVICE_FAMILY = "1,2";
			};
			name = Debug;
		};
		A06CDA082940B2570038DDCE /* Release */ = {
			isa = XCBuildConfiguration;
			buildSettings = {
				ASSETCATALOG_COMPILER_APPICON_NAME = AppIcon;
				ASSETCATALOG_COMPILER_GLOBAL_ACCENT_COLOR_NAME = AccentColor;
				CODE_SIGN_STYLE = Automatic;
				CURRENT_PROJECT_VERSION = 1;
				DEVELOPMENT_ASSET_PATHS = "\"HiringTestAppMarkent/Preview Content\"";
				DEVELOPMENT_TEAM = VB8C9ZVKXH;
				ENABLE_PREVIEWS = YES;
				GENERATE_INFOPLIST_FILE = YES;
				INFOPLIST_FILE = HiringTestAppMarkent/Info.plist;
				INFOPLIST_KEY_CFBundleDisplayName = "";
				INFOPLIST_KEY_LSApplicationCategoryType = "";
				INFOPLIST_KEY_UIApplicationSceneManifest_Generation = YES;
				INFOPLIST_KEY_UIApplicationSupportsIndirectInputEvents = YES;
				INFOPLIST_KEY_UILaunchScreen_Generation = YES;
				INFOPLIST_KEY_UILaunchStoryboardName = LaunchView.storyboard;
				INFOPLIST_KEY_UISupportedInterfaceOrientations_iPad = "UIInterfaceOrientationPortrait UIInterfaceOrientationPortraitUpsideDown UIInterfaceOrientationLandscapeLeft UIInterfaceOrientationLandscapeRight";
				INFOPLIST_KEY_UISupportedInterfaceOrientations_iPhone = "UIInterfaceOrientationPortrait UIInterfaceOrientationLandscapeLeft UIInterfaceOrientationLandscapeRight";
				LD_RUNPATH_SEARCH_PATHS = (
					"$(inherited)",
					"@executable_path/Frameworks",
				);
				MARKETING_VERSION = 1.0;
				PRODUCT_BUNDLE_IDENTIFIER = sihtmark.HiringTestAppMarkent;
				PRODUCT_NAME = "$(TARGET_NAME)";
				SWIFT_EMIT_LOC_STRINGS = YES;
				SWIFT_VERSION = 5.0;
				TARGETED_DEVICE_FAMILY = "1,2";
			};
			name = Release;
		};
/* End XCBuildConfiguration section */

/* Begin XCConfigurationList section */
		A06CD9F32940B2550038DDCE /* Build configuration list for PBXProject "HiringTestAppMarkent" */ = {
			isa = XCConfigurationList;
			buildConfigurations = (
				A06CDA042940B2570038DDCE /* Debug */,
				A06CDA052940B2570038DDCE /* Release */,
			);
			defaultConfigurationIsVisible = 0;
			defaultConfigurationName = Release;
		};
		A06CDA062940B2570038DDCE /* Build configuration list for PBXNativeTarget "HiringTestAppMarkent" */ = {
			isa = XCConfigurationList;
			buildConfigurations = (
				A06CDA072940B2570038DDCE /* Debug */,
				A06CDA082940B2570038DDCE /* Release */,
			);
			defaultConfigurationIsVisible = 0;
			defaultConfigurationName = Release;
		};
/* End XCConfigurationList section */
	};
	rootObject = A06CD9F02940B2550038DDCE /* Project object */;
}
