// !$*UTF8*$!
{
	archiveVersion = 1;
	classes = {
	};
	objectVersion = 56;
	objects = {

/* Begin PBXBuildFile section */
		A003DDEE2944DDB700DA84F7 /* MainScreenObjects.swift in Sources */ = {isa = PBXBuildFile; fileRef = A003DDED2944DDB700DA84F7 /* MainScreenObjects.swift */; };
		A003DDF22944E3D700DA84F7 /* BestSeller.swift in Sources */ = {isa = PBXBuildFile; fileRef = A003DDF12944E3D700DA84F7 /* BestSeller.swift */; };
		A06C67A3294628C9007A9BF1 /* SalesCategory.swift in Sources */ = {isa = PBXBuildFile; fileRef = A06C67A2294628C9007A9BF1 /* SalesCategory.swift */; };
		A06CD9FC2940B2550038DDCE /* HiringTestAppMarkentApp.swift in Sources */ = {isa = PBXBuildFile; fileRef = A06CD9FB2940B2550038DDCE /* HiringTestAppMarkentApp.swift */; };
		A06CD9FE2940B2550038DDCE /* MainScreenView.swift in Sources */ = {isa = PBXBuildFile; fileRef = A06CD9FD2940B2550038DDCE /* MainScreenView.swift */; };
		A06CDA002940B2570038DDCE /* Assets.xcassets in Resources */ = {isa = PBXBuildFile; fileRef = A06CD9FF2940B2570038DDCE /* Assets.xcassets */; };
		A06CDA032940B2570038DDCE /* Preview Assets.xcassets in Resources */ = {isa = PBXBuildFile; fileRef = A06CDA022940B2570038DDCE /* Preview Assets.xcassets */; };
		A09BEEE4294380C200A07922 /* HotSalesCell.swift in Sources */ = {isa = PBXBuildFile; fileRef = A09BEEE3294380C200A07922 /* HotSalesCell.swift */; };
		A0D45B8F2948BBC4004C20D4 /* MainScreenViewModel.swift in Sources */ = {isa = PBXBuildFile; fileRef = A0D45B8E2948BBC4004C20D4 /* MainScreenViewModel.swift */; };
		A0D45B912948C4ED004C20D4 /* MainScreenImageLoader.swift in Sources */ = {isa = PBXBuildFile; fileRef = A0D45B902948C4ED004C20D4 /* MainScreenImageLoader.swift */; };
		A0D45B982948D166004C20D4 /* MarkPro-Regular.ttf in Resources */ = {isa = PBXBuildFile; fileRef = A0D45B932948D165004C20D4 /* MarkPro-Regular.ttf */; };
		A0D45B992948D166004C20D4 /* MarkPro-Medium.ttf in Resources */ = {isa = PBXBuildFile; fileRef = A0D45B942948D165004C20D4 /* MarkPro-Medium.ttf */; };
		A0D45B9A2948D166004C20D4 /* Mark-Pro-Bold.ttf in Resources */ = {isa = PBXBuildFile; fileRef = A0D45B952948D166004C20D4 /* Mark-Pro-Bold.ttf */; };
		A0D45B9B2948D166004C20D4 /* Fonts.swift in Sources */ = {isa = PBXBuildFile; fileRef = A0D45B962948D166004C20D4 /* Fonts.swift */; };
		A0D45B9C2948D166004C20D4 /* Colors.swift in Sources */ = {isa = PBXBuildFile; fileRef = A0D45B972948D166004C20D4 /* Colors.swift */; };
/* End PBXBuildFile section */

/* Begin PBXFileReference section */
		A003DDED2944DDB700DA84F7 /* MainScreenObjects.swift */ = {isa = PBXFileReference; lastKnownFileType = sourcecode.swift; path = MainScreenObjects.swift; sourceTree = "<group>"; };
		A003DDF12944E3D700DA84F7 /* BestSeller.swift */ = {isa = PBXFileReference; lastKnownFileType = sourcecode.swift; path = BestSeller.swift; sourceTree = "<group>"; };
		A06C67A2294628C9007A9BF1 /* SalesCategory.swift */ = {isa = PBXFileReference; lastKnownFileType = sourcecode.swift; path = SalesCategory.swift; sourceTree = "<group>"; };
		A06CD9F82940B2550038DDCE /* HiringTestAppMarkent.app */ = {isa = PBXFileReference; explicitFileType = wrapper.application; includeInIndex = 0; path = HiringTestAppMarkent.app; sourceTree = BUILT_PRODUCTS_DIR; };
		A06CD9FB2940B2550038DDCE /* HiringTestAppMarkentApp.swift */ = {isa = PBXFileReference; lastKnownFileType = sourcecode.swift; path = HiringTestAppMarkentApp.swift; sourceTree = "<group>"; };
		A06CD9FD2940B2550038DDCE /* MainScreenView.swift */ = {isa = PBXFileReference; lastKnownFileType = sourcecode.swift; path = MainScreenView.swift; sourceTree = "<group>"; };
		A06CD9FF2940B2570038DDCE /* Assets.xcassets */ = {isa = PBXFileReference; lastKnownFileType = folder.assetcatalog; path = Assets.xcassets; sourceTree = "<group>"; };
		A06CDA022940B2570038DDCE /* Preview Assets.xcassets */ = {isa = PBXFileReference; lastKnownFileType = folder.assetcatalog; path = "Preview Assets.xcassets"; sourceTree = "<group>"; };
		A09BEEE3294380C200A07922 /* HotSalesCell.swift */ = {isa = PBXFileReference; lastKnownFileType = sourcecode.swift; path = HotSalesCell.swift; sourceTree = "<group>"; };
		A09CD1EE294486BD0007193A /* Info.plist */ = {isa = PBXFileReference; lastKnownFileType = text.plist.xml; path = Info.plist; sourceTree = "<group>"; };
		A0D45B8E2948BBC4004C20D4 /* MainScreenViewModel.swift */ = {isa = PBXFileReference; lastKnownFileType = sourcecode.swift; path = MainScreenViewModel.swift; sourceTree = "<group>"; };
		A0D45B902948C4ED004C20D4 /* MainScreenImageLoader.swift */ = {isa = PBXFileReference; lastKnownFileType = sourcecode.swift; path = MainScreenImageLoader.swift; sourceTree = "<group>"; };
		A0D45B932948D165004C20D4 /* MarkPro-Regular.ttf */ = {isa = PBXFileReference; lastKnownFileType = file; path = "MarkPro-Regular.ttf"; sourceTree = "<group>"; };
		A0D45B942948D165004C20D4 /* MarkPro-Medium.ttf */ = {isa = PBXFileReference; lastKnownFileType = file; path = "MarkPro-Medium.ttf"; sourceTree = "<group>"; };
		A0D45B952948D166004C20D4 /* Mark-Pro-Bold.ttf */ = {isa = PBXFileReference; lastKnownFileType = file; path = "Mark-Pro-Bold.ttf"; sourceTree = "<group>"; };
		A0D45B962948D166004C20D4 /* Fonts.swift */ = {isa = PBXFileReference; fileEncoding = 4; lastKnownFileType = sourcecode.swift; path = Fonts.swift; sourceTree = "<group>"; };
		A0D45B972948D166004C20D4 /* Colors.swift */ = {isa = PBXFileReference; fileEncoding = 4; lastKnownFileType = sourcecode.swift; path = Colors.swift; sourceTree = "<group>"; };
/* End PBXFileReference section */

/* Begin PBXFrameworksBuildPhase section */
		A06CD9F52940B2550038DDCE /* Frameworks */ = {
			isa = PBXFrameworksBuildPhase;
			buildActionMask = 2147483647;
			files = (
			);
			runOnlyForDeploymentPostprocessing = 0;
		};
/* End PBXFrameworksBuildPhase section */

/* Begin PBXGroup section */
		A003DDEF2944E06300DA84F7 /* MainScreen */ = {
			isa = PBXGroup;
			children = (
				A06CD9FD2940B2550038DDCE /* MainScreenView.swift */,
				A09BEEE3294380C200A07922 /* HotSalesCell.swift */,
				A003DDF12944E3D700DA84F7 /* BestSeller.swift */,
			);
			path = MainScreen;
			sourceTree = "<group>";
		};
		A06CD9EF2940B2550038DDCE = {
			isa = PBXGroup;
			children = (
				A06CD9FA2940B2550038DDCE /* HiringTestAppMarkent */,
				A06CD9F92940B2550038DDCE /* Products */,
			);
			sourceTree = "<group>";
		};
		A06CD9F92940B2550038DDCE /* Products */ = {
			isa = PBXGroup;
			children = (
				A06CD9F82940B2550038DDCE /* HiringTestAppMarkent.app */,
			);
			name = Products;
			sourceTree = "<group>";
		};
		A06CD9FA2940B2550038DDCE /* HiringTestAppMarkent */ = {
			isa = PBXGroup;
			children = (
				A09DF292294740380002E163 /* Views */,
				A09DF29129473F6E0002E163 /* MainScreenViewModel */,
				A09DF29029473F5A0002E163 /* MainScreenModel */,
				A0D45B922948D111004C20D4 /* Fonts */,
				A06CDA012940B2570038DDCE /* Preview Content */,
				A06CD9FF2940B2570038DDCE /* Assets.xcassets */,
				A09CD1EE294486BD0007193A /* Info.plist */,
			);
			path = HiringTestAppMarkent;
			sourceTree = "<group>";
		};
		A06CDA012940B2570038DDCE /* Preview Content */ = {
			isa = PBXGroup;
			children = (
				A06CDA022940B2570038DDCE /* Preview Assets.xcassets */,
			);
			path = "Preview Content";
			sourceTree = "<group>";
		};
		A09DF29029473F5A0002E163 /* MainScreenModel */ = {
			isa = PBXGroup;
			children = (
				A06C67A2294628C9007A9BF1 /* SalesCategory.swift */,
				A003DDED2944DDB700DA84F7 /* MainScreenObjects.swift */,
			);
			path = MainScreenModel;
			sourceTree = "<group>";
		};
		A09DF29129473F6E0002E163 /* MainScreenViewModel */ = {
			isa = PBXGroup;
			children = (
				A0D45B8E2948BBC4004C20D4 /* MainScreenViewModel.swift */,
				A0D45B902948C4ED004C20D4 /* MainScreenImageLoader.swift */,
			);
			path = MainScreenViewModel;
			sourceTree = "<group>";
		};
		A09DF292294740380002E163 /* Views */ = {
			isa = PBXGroup;
			children = (
				A06CD9FB2940B2550038DDCE /* HiringTestAppMarkentApp.swift */,
				A003DDEF2944E06300DA84F7 /* MainScreen */,
			);
			path = Views;
			sourceTree = "<group>";
		};
		A0D45B922948D111004C20D4 /* Fonts */ = {
			isa = PBXGroup;
			children = (
				A0D45B972948D166004C20D4 /* Colors.swift */,
				A0D45B962948D166004C20D4 /* Fonts.swift */,
				A0D45B952948D166004C20D4 /* Mark-Pro-Bold.ttf */,
				A0D45B942948D165004C20D4 /* MarkPro-Medium.ttf */,
				A0D45B932948D165004C20D4 /* MarkPro-Regular.ttf */,
			);
			path = Fonts;
			sourceTree = "<group>";
		};
/* End PBXGroup section */

/* Begin PBXNativeTarget section */
		A06CD9F72940B2550038DDCE /* HiringTestAppMarkent */ = {
			isa = PBXNativeTarget;
			buildConfigurationList = A06CDA062940B2570038DDCE /* Build configuration list for PBXNativeTarget "HiringTestAppMarkent" */;
			buildPhases = (
				A06CD9F42940B2550038DDCE /* Sources */,
				A06CD9F52940B2550038DDCE /* Frameworks */,
				A06CD9F62940B2550038DDCE /* Resources */,
			);
			buildRules = (
			);
			dependencies = (
			);
			name = HiringTestAppMarkent;
			productName = HiringTestAppMarkent;
			productReference = A06CD9F82940B2550038DDCE /* HiringTestAppMarkent.app */;
			productType = "com.apple.product-type.application";
		};
/* End PBXNativeTarget section */

/* Begin PBXProject section */
		A06CD9F02940B2550038DDCE /* Project object */ = {
			isa = PBXProject;
			attributes = {
				BuildIndependentTargetsInParallel = 1;
				LastSwiftUpdateCheck = 1410;
				LastUpgradeCheck = 1410;
				TargetAttributes = {
					A06CD9F72940B2550038DDCE = {
						CreatedOnToolsVersion = 14.1;
					};
				};
			};
			buildConfigurationList = A06CD9F32940B2550038DDCE /* Build configuration list for PBXProject "HiringTestAppMarkent" */;
			compatibilityVersion = "Xcode 14.0";
			developmentRegion = en;
			hasScannedForEncodings = 0;
			knownRegions = (
				en,
				Base,
			);
			mainGroup = A06CD9EF2940B2550038DDCE;
			productRefGroup = A06CD9F92940B2550038DDCE /* Products */;
			projectDirPath = "";
			projectRoot = "";
			targets = (
				A06CD9F72940B2550038DDCE /* HiringTestAppMarkent */,
			);
		};
/* End PBXProject section */

/* Begin PBXResourcesBuildPhase section */
		A06CD9F62940B2550038DDCE /* Resources */ = {
			isa = PBXResourcesBuildPhase;
			buildActionMask = 2147483647;
			files = (
				A0D45B9A2948D166004C20D4 /* Mark-Pro-Bold.ttf in Resources */,
				A0D45B992948D166004C20D4 /* MarkPro-Medium.ttf in Resources */,
				A06CDA032940B2570038DDCE /* Preview Assets.xcassets in Resources */,
				A0D45B982948D166004C20D4 /* MarkPro-Regular.ttf in Resources */,
				A06CDA002940B2570038DDCE /* Assets.xcassets in Resources */,
			);
			runOnlyForDeploymentPostprocessing = 0;
		};
/* End PBXResourcesBuildPhase section */

/* Begin PBXSourcesBuildPhase section */
		A06CD9F42940B2550038DDCE /* Sources */ = {
			isa = PBXSourcesBuildPhase;
			buildActionMask = 2147483647;
			files = (
				A06CD9FE2940B2550038DDCE /* MainScreenView.swift in Sources */,
				A0D45B9C2948D166004C20D4 /* Colors.swift in Sources */,
				A09BEEE4294380C200A07922 /* HotSalesCell.swift in Sources */,
				A06CD9FC2940B2550038DDCE /* HiringTestAppMarkentApp.swift in Sources */,
				A003DDEE2944DDB700DA84F7 /* MainScreenObjects.swift in Sources */,
				A0D45B8F2948BBC4004C20D4 /* MainScreenViewModel.swift in Sources */,
				A0D45B9B2948D166004C20D4 /* Fonts.swift in Sources */,
				A0D45B912948C4ED004C20D4 /* MainScreenImageLoader.swift in Sources */,
				A003DDF22944E3D700DA84F7 /* BestSeller.swift in Sources */,
				A06C67A3294628C9007A9BF1 /* SalesCategory.swift in Sources */,
			);
			runOnlyForDeploymentPostprocessing = 0;
		};
/* End PBXSourcesBuildPhase section */

/* Begin XCBuildConfiguration section */
		A06CDA042940B2570038DDCE /* Debug */ = {
			isa = XCBuildConfiguration;
			buildSettings = {
				ALWAYS_SEARCH_USER_PATHS = NO;
				CLANG_ANALYZER_NONNULL = YES;
				CLANG_ANALYZER_NUMBER_OBJECT_CONVERSION = YES_AGGRESSIVE;
				CLANG_CXX_LANGUAGE_STANDARD = "gnu++20";
				CLANG_ENABLE_MODULES = YES;
				CLANG_ENABLE_OBJC_ARC = YES;
				CLANG_ENABLE_OBJC_WEAK = YES;
				CLANG_WARN_BLOCK_CAPTURE_AUTORELEASING = YES;
				CLANG_WARN_BOOL_CONVERSION = YES;
				CLANG_WARN_COMMA = YES;
				CLANG_WARN_CONSTANT_CONVERSION = YES;
				CLANG_WARN_DEPRECATED_OBJC_IMPLEMENTATIONS = YES;
				CLANG_WARN_DIRECT_OBJC_ISA_USAGE = YES_ERROR;
				CLANG_WARN_DOCUMENTATION_COMMENTS = YES;
				CLANG_WARN_EMPTY_BODY = YES;
				CLANG_WARN_ENUM_CONVERSION = YES;
				CLANG_WARN_INFINITE_RECURSION = YES;
				CLANG_WARN_INT_CONVERSION = YES;
				CLANG_WARN_NON_LITERAL_NULL_CONVERSION = YES;
				CLANG_WARN_OBJC_IMPLICIT_RETAIN_SELF = YES;
				CLANG_WARN_OBJC_LITERAL_CONVERSION = YES;
				CLANG_WARN_OBJC_ROOT_CLASS = YES_ERROR;
				CLANG_WARN_QUOTED_INCLUDE_IN_FRAMEWORK_HEADER = YES;
				CLANG_WARN_RANGE_LOOP_ANALYSIS = YES;
				CLANG_WARN_STRICT_PROTOTYPES = YES;
				CLANG_WARN_SUSPICIOUS_MOVE = YES;
				CLANG_WARN_UNGUARDED_AVAILABILITY = YES_AGGRESSIVE;
				CLANG_WARN_UNREACHABLE_CODE = YES;
				CLANG_WARN__DUPLICATE_METHOD_MATCH = YES;
				COPY_PHASE_STRIP = NO;
				DEBUG_INFORMATION_FORMAT = dwarf;
				ENABLE_STRICT_OBJC_MSGSEND = YES;
				ENABLE_TESTABILITY = YES;
				GCC_C_LANGUAGE_STANDARD = gnu11;
				GCC_DYNAMIC_NO_PIC = NO;
				GCC_NO_COMMON_BLOCKS = YES;
				GCC_OPTIMIZATION_LEVEL = 0;
				GCC_PREPROCESSOR_DEFINITIONS = (
					"DEBUG=1",
					"$(inherited)",
				);
				GCC_WARN_64_TO_32_BIT_CONVERSION = YES;
				GCC_WARN_ABOUT_RETURN_TYPE = YES_ERROR;
				GCC_WARN_UNDECLARED_SELECTOR = YES;
				GCC_WARN_UNINITIALIZED_AUTOS = YES_AGGRESSIVE;
				GCC_WARN_UNUSED_FUNCTION = YES;
				GCC_WARN_UNUSED_VARIABLE = YES;
				IPHONEOS_DEPLOYMENT_TARGET = 16.1;
				MTL_ENABLE_DEBUG_INFO = INCLUDE_SOURCE;
				MTL_FAST_MATH = YES;
				ONLY_ACTIVE_ARCH = YES;
				SDKROOT = iphoneos;
				SWIFT_ACTIVE_COMPILATION_CONDITIONS = DEBUG;
				SWIFT_OPTIMIZATION_LEVEL = "-Onone";
			};
			name = Debug;
		};
		A06CDA052940B2570038DDCE /* Release */ = {
			isa = XCBuildConfiguration;
			buildSettings = {
				ALWAYS_SEARCH_USER_PATHS = NO;
				CLANG_ANALYZER_NONNULL = YES;
				CLANG_ANALYZER_NUMBER_OBJECT_CONVERSION = YES_AGGRESSIVE;
				CLANG_CXX_LANGUAGE_STANDARD = "gnu++20";
				CLANG_ENABLE_MODULES = YES;
				CLANG_ENABLE_OBJC_ARC = YES;
				CLANG_ENABLE_OBJC_WEAK = YES;
				CLANG_WARN_BLOCK_CAPTURE_AUTORELEASING = YES;
				CLANG_WARN_BOOL_CONVERSION = YES;
				CLANG_WARN_COMMA = YES;
				CLANG_WARN_CONSTANT_CONVERSION = YES;
				CLANG_WARN_DEPRECATED_OBJC_IMPLEMENTATIONS = YES;
				CLANG_WARN_DIRECT_OBJC_ISA_USAGE = YES_ERROR;
				CLANG_WARN_DOCUMENTATION_COMMENTS = YES;
				CLANG_WARN_EMPTY_BODY = YES;
				CLANG_WARN_ENUM_CONVERSION = YES;
				CLANG_WARN_INFINITE_RECURSION = YES;
				CLANG_WARN_INT_CONVERSION = YES;
				CLANG_WARN_NON_LITERAL_NULL_CONVERSION = YES;
				CLANG_WARN_OBJC_IMPLICIT_RETAIN_SELF = YES;
				CLANG_WARN_OBJC_LITERAL_CONVERSION = YES;
				CLANG_WARN_OBJC_ROOT_CLASS = YES_ERROR;
				CLANG_WARN_QUOTED_INCLUDE_IN_FRAMEWORK_HEADER = YES;
				CLANG_WARN_RANGE_LOOP_ANALYSIS = YES;
				CLANG_WARN_STRICT_PROTOTYPES = YES;
				CLANG_WARN_SUSPICIOUS_MOVE = YES;
				CLANG_WARN_UNGUARDED_AVAILABILITY = YES_AGGRESSIVE;
				CLANG_WARN_UNREACHABLE_CODE = YES;
				CLANG_WARN__DUPLICATE_METHOD_MATCH = YES;
				COPY_PHASE_STRIP = NO;
				DEBUG_INFORMATION_FORMAT = "dwarf-with-dsym";
				ENABLE_NS_ASSERTIONS = NO;
				ENABLE_STRICT_OBJC_MSGSEND = YES;
				GCC_C_LANGUAGE_STANDARD = gnu11;
				GCC_NO_COMMON_BLOCKS = YES;
				GCC_WARN_64_TO_32_BIT_CONVERSION = YES;
				GCC_WARN_ABOUT_RETURN_TYPE = YES_ERROR;
				GCC_WARN_UNDECLARED_SELECTOR = YES;
				GCC_WARN_UNINITIALIZED_AUTOS = YES_AGGRESSIVE;
				GCC_WARN_UNUSED_FUNCTION = YES;
				GCC_WARN_UNUSED_VARIABLE = YES;
				IPHONEOS_DEPLOYMENT_TARGET = 16.1;
				MTL_ENABLE_DEBUG_INFO = NO;
				MTL_FAST_MATH = YES;
				SDKROOT = iphoneos;
				SWIFT_COMPILATION_MODE = wholemodule;
				SWIFT_OPTIMIZATION_LEVEL = "-O";
				VALIDATE_PRODUCT = YES;
			};
			name = Release;
		};
		A06CDA072940B2570038DDCE /* Debug */ = {
			isa = XCBuildConfiguration;
			buildSettings = {
				ASSETCATALOG_COMPILER_APPICON_NAME = AppIcon;
				ASSETCATALOG_COMPILER_GLOBAL_ACCENT_COLOR_NAME = AccentColor;
				CODE_SIGN_STYLE = Automatic;
				CURRENT_PROJECT_VERSION = 1;
				DEVELOPMENT_ASSET_PATHS = "\"HiringTestAppMarkent/Preview Content\"";
				DEVELOPMENT_TEAM = QYGMJ959XP;
				ENABLE_PREVIEWS = YES;
				GENERATE_INFOPLIST_FILE = YES;
				INFOPLIST_FILE = HiringTestAppMarkent/Info.plist;
				INFOPLIST_KEY_CFBundleDisplayName = "";
				INFOPLIST_KEY_LSApplicationCategoryType = "";
				INFOPLIST_KEY_UIApplicationSceneManifest_Generation = YES;
				INFOPLIST_KEY_UIApplicationSupportsIndirectInputEvents = YES;
				INFOPLIST_KEY_UILaunchScreen_Generation = YES;
				INFOPLIST_KEY_UISupportedInterfaceOrientations_iPad = "UIInterfaceOrientationPortrait UIInterfaceOrientationPortraitUpsideDown UIInterfaceOrientationLandscapeLeft UIInterfaceOrientationLandscapeRight";
				INFOPLIST_KEY_UISupportedInterfaceOrientations_iPhone = "UIInterfaceOrientationPortrait UIInterfaceOrientationLandscapeLeft UIInterfaceOrientationLandscapeRight";
				LD_RUNPATH_SEARCH_PATHS = (
					"$(inherited)",
					"@executable_path/Frameworks",
				);
				MARKETING_VERSION = 1.0;
				PRODUCT_BUNDLE_IDENTIFIER = sihtmark.HiringTestAppMarkent;
				PRODUCT_NAME = "$(TARGET_NAME)";
				SWIFT_EMIT_LOC_STRINGS = YES;
				SWIFT_VERSION = 5.0;
				TARGETED_DEVICE_FAMILY = "1,2";
			};
			name = Debug;
		};
		A06CDA082940B2570038DDCE /* Release */ = {
			isa = XCBuildConfiguration;
			buildSettings = {
				ASSETCATALOG_COMPILER_APPICON_NAME = AppIcon;
				ASSETCATALOG_COMPILER_GLOBAL_ACCENT_COLOR_NAME = AccentColor;
				CODE_SIGN_STYLE = Automatic;
				CURRENT_PROJECT_VERSION = 1;
				DEVELOPMENT_ASSET_PATHS = "\"HiringTestAppMarkent/Preview Content\"";
				DEVELOPMENT_TEAM = QYGMJ959XP;
				ENABLE_PREVIEWS = YES;
				GENERATE_INFOPLIST_FILE = YES;
				INFOPLIST_FILE = HiringTestAppMarkent/Info.plist;
				INFOPLIST_KEY_CFBundleDisplayName = "";
				INFOPLIST_KEY_LSApplicationCategoryType = "";
				INFOPLIST_KEY_UIApplicationSceneManifest_Generation = YES;
				INFOPLIST_KEY_UIApplicationSupportsIndirectInputEvents = YES;
				INFOPLIST_KEY_UILaunchScreen_Generation = YES;
				INFOPLIST_KEY_UISupportedInterfaceOrientations_iPad = "UIInterfaceOrientationPortrait UIInterfaceOrientationPortraitUpsideDown UIInterfaceOrientationLandscapeLeft UIInterfaceOrientationLandscapeRight";
				INFOPLIST_KEY_UISupportedInterfaceOrientations_iPhone = "UIInterfaceOrientationPortrait UIInterfaceOrientationLandscapeLeft UIInterfaceOrientationLandscapeRight";
				LD_RUNPATH_SEARCH_PATHS = (
					"$(inherited)",
					"@executable_path/Frameworks",
				);
				MARKETING_VERSION = 1.0;
				PRODUCT_BUNDLE_IDENTIFIER = sihtmark.HiringTestAppMarkent;
				PRODUCT_NAME = "$(TARGET_NAME)";
				SWIFT_EMIT_LOC_STRINGS = YES;
				SWIFT_VERSION = 5.0;
				TARGETED_DEVICE_FAMILY = "1,2";
			};
			name = Release;
		};
/* End XCBuildConfiguration section */

/* Begin XCConfigurationList section */
		A06CD9F32940B2550038DDCE /* Build configuration list for PBXProject "HiringTestAppMarkent" */ = {
			isa = XCConfigurationList;
			buildConfigurations = (
				A06CDA042940B2570038DDCE /* Debug */,
				A06CDA052940B2570038DDCE /* Release */,
			);
			defaultConfigurationIsVisible = 0;
			defaultConfigurationName = Release;
		};
		A06CDA062940B2570038DDCE /* Build configuration list for PBXNativeTarget "HiringTestAppMarkent" */ = {
			isa = XCConfigurationList;
			buildConfigurations = (
				A06CDA072940B2570038DDCE /* Debug */,
				A06CDA082940B2570038DDCE /* Release */,
			);
			defaultConfigurationIsVisible = 0;
			defaultConfigurationName = Release;
		};
/* End XCConfigurationList section */
	};
	rootObject = A06CD9F02940B2550038DDCE /* Project object */;
}
